// !$*UTF8*$!
{
	archiveVersion = 1;
	classes = {
	};
	objectVersion = 48;
	objects = {

/* Begin PBXBuildFile section */
		D29D67EF1F288D9B00389F90 /* ImageManager.swift in Sources */ = {isa = PBXBuildFile; fileRef = D29D67EE1F288D9B00389F90 /* ImageManager.swift */; };
		D2D4CB691F2896B8001699D9 /* PhotoStreamViewModel.swift in Sources */ = {isa = PBXBuildFile; fileRef = D2D4CB681F2896B8001699D9 /* PhotoStreamViewModel.swift */; };
		D2D738EA1F2788B800634180 /* FlickrSearchResult.swift in Sources */ = {isa = PBXBuildFile; fileRef = D2D738E91F2788B800634180 /* FlickrSearchResult.swift */; };
		D2D738EE1F27984300634180 /* ImageService.swift in Sources */ = {isa = PBXBuildFile; fileRef = D2D738ED1F27984300634180 /* ImageService.swift */; };
		D2D738F21F279A3600634180 /* FlickrImageService.swift in Sources */ = {isa = PBXBuildFile; fileRef = D2D738F11F279A3600634180 /* FlickrImageService.swift */; };
		D2D738F41F279B8E00634180 /* LocationController.swift in Sources */ = {isa = PBXBuildFile; fileRef = D2D738F31F279B8E00634180 /* LocationController.swift */; };
		D2F630911F277F7B0039B7A1 /* AppDelegate.swift in Sources */ = {isa = PBXBuildFile; fileRef = D2F630901F277F7B0039B7A1 /* AppDelegate.swift */; };
		D2F630931F277F7B0039B7A1 /* PhotoStreamViewController.swift in Sources */ = {isa = PBXBuildFile; fileRef = D2F630921F277F7B0039B7A1 /* PhotoStreamViewController.swift */; };
		D2F630961F277F7B0039B7A1 /* Main.storyboard in Resources */ = {isa = PBXBuildFile; fileRef = D2F630941F277F7B0039B7A1 /* Main.storyboard */; };
		D2F630981F277F7B0039B7A1 /* Assets.xcassets in Resources */ = {isa = PBXBuildFile; fileRef = D2F630971F277F7B0039B7A1 /* Assets.xcassets */; };
		D2F6309B1F277F7B0039B7A1 /* LaunchScreen.storyboard in Resources */ = {isa = PBXBuildFile; fileRef = D2F630991F277F7B0039B7A1 /* LaunchScreen.storyboard */; };
		D2F630A61F277F7B0039B7A1 /* FlickrGeoStreamTests.swift in Sources */ = {isa = PBXBuildFile; fileRef = D2F630A51F277F7B0039B7A1 /* FlickrGeoStreamTests.swift */; };
		D2F630B11F2784C00039B7A1 /* FlickrService.swift in Sources */ = {isa = PBXBuildFile; fileRef = D2F630B01F2784C00039B7A1 /* FlickrService.swift */; };
/* End PBXBuildFile section */

/* Begin PBXContainerItemProxy section */
		D2F630A21F277F7B0039B7A1 /* PBXContainerItemProxy */ = {
			isa = PBXContainerItemProxy;
			containerPortal = D2F630851F277F7B0039B7A1 /* Project object */;
			proxyType = 1;
			remoteGlobalIDString = D2F6308C1F277F7B0039B7A1;
			remoteInfo = FlickrGeoStream;
		};
/* End PBXContainerItemProxy section */

/* Begin PBXFileReference section */
		D29D67EE1F288D9B00389F90 /* ImageManager.swift */ = {isa = PBXFileReference; lastKnownFileType = sourcecode.swift; path = ImageManager.swift; sourceTree = "<group>"; };
		D2D4CB681F2896B8001699D9 /* PhotoStreamViewModel.swift */ = {isa = PBXFileReference; lastKnownFileType = sourcecode.swift; path = PhotoStreamViewModel.swift; sourceTree = "<group>"; };
		D2D738E91F2788B800634180 /* FlickrSearchResult.swift */ = {isa = PBXFileReference; lastKnownFileType = sourcecode.swift; path = FlickrSearchResult.swift; sourceTree = "<group>"; };
		D2D738ED1F27984300634180 /* ImageService.swift */ = {isa = PBXFileReference; lastKnownFileType = sourcecode.swift; path = ImageService.swift; sourceTree = "<group>"; };
		D2D738F11F279A3600634180 /* FlickrImageService.swift */ = {isa = PBXFileReference; lastKnownFileType = sourcecode.swift; path = FlickrImageService.swift; sourceTree = "<group>"; };
		D2D738F31F279B8E00634180 /* LocationController.swift */ = {isa = PBXFileReference; lastKnownFileType = sourcecode.swift; path = LocationController.swift; sourceTree = "<group>"; };
		D2F6308D1F277F7B0039B7A1 /* FlickrGeoStream.app */ = {isa = PBXFileReference; explicitFileType = wrapper.application; includeInIndex = 0; path = FlickrGeoStream.app; sourceTree = BUILT_PRODUCTS_DIR; };
		D2F630901F277F7B0039B7A1 /* AppDelegate.swift */ = {isa = PBXFileReference; lastKnownFileType = sourcecode.swift; path = AppDelegate.swift; sourceTree = "<group>"; };
		D2F630921F277F7B0039B7A1 /* PhotoStreamViewController.swift */ = {isa = PBXFileReference; lastKnownFileType = sourcecode.swift; path = PhotoStreamViewController.swift; sourceTree = "<group>"; };
		D2F630951F277F7B0039B7A1 /* Base */ = {isa = PBXFileReference; lastKnownFileType = file.storyboard; name = Base; path = Base.lproj/Main.storyboard; sourceTree = "<group>"; };
		D2F630971F277F7B0039B7A1 /* Assets.xcassets */ = {isa = PBXFileReference; lastKnownFileType = folder.assetcatalog; path = Assets.xcassets; sourceTree = "<group>"; };
		D2F6309A1F277F7B0039B7A1 /* Base */ = {isa = PBXFileReference; lastKnownFileType = file.storyboard; name = Base; path = Base.lproj/LaunchScreen.storyboard; sourceTree = "<group>"; };
		D2F6309C1F277F7B0039B7A1 /* Info.plist */ = {isa = PBXFileReference; lastKnownFileType = text.plist.xml; path = Info.plist; sourceTree = "<group>"; };
		D2F630A11F277F7B0039B7A1 /* FlickrGeoStreamTests.xctest */ = {isa = PBXFileReference; explicitFileType = wrapper.cfbundle; includeInIndex = 0; path = FlickrGeoStreamTests.xctest; sourceTree = BUILT_PRODUCTS_DIR; };
		D2F630A51F277F7B0039B7A1 /* FlickrGeoStreamTests.swift */ = {isa = PBXFileReference; lastKnownFileType = sourcecode.swift; path = FlickrGeoStreamTests.swift; sourceTree = "<group>"; };
		D2F630A71F277F7B0039B7A1 /* Info.plist */ = {isa = PBXFileReference; lastKnownFileType = text.plist.xml; path = Info.plist; sourceTree = "<group>"; };
		D2F630B01F2784C00039B7A1 /* FlickrService.swift */ = {isa = PBXFileReference; lastKnownFileType = sourcecode.swift; path = FlickrService.swift; sourceTree = "<group>"; };
/* End PBXFileReference section */

/* Begin PBXFrameworksBuildPhase section */
		D2F6308A1F277F7B0039B7A1 /* Frameworks */ = {
			isa = PBXFrameworksBuildPhase;
			buildActionMask = 2147483647;
			files = (
			);
			runOnlyForDeploymentPostprocessing = 0;
		};
		D2F6309E1F277F7B0039B7A1 /* Frameworks */ = {
			isa = PBXFrameworksBuildPhase;
			buildActionMask = 2147483647;
			files = (
			);
			runOnlyForDeploymentPostprocessing = 0;
		};
/* End PBXFrameworksBuildPhase section */

/* Begin PBXGroup section */
		D2D4CB671F28967B001699D9 /* UI */ = {
			isa = PBXGroup;
			children = (
				D2F630941F277F7B0039B7A1 /* Main.storyboard */,
				D2F630921F277F7B0039B7A1 /* PhotoStreamViewController.swift */,
				D2D4CB681F2896B8001699D9 /* PhotoStreamViewModel.swift */,
			);
			path = UI;
			sourceTree = "<group>";
		};
		D2D4CB6A1F2897C6001699D9 /* Application */ = {
			isa = PBXGroup;
			children = (
				D2F630971F277F7B0039B7A1 /* Assets.xcassets */,
				D2F630901F277F7B0039B7A1 /* AppDelegate.swift */,
				D2F6309C1F277F7B0039B7A1 /* Info.plist */,
				D2F630991F277F7B0039B7A1 /* LaunchScreen.storyboard */,
			);
			path = Application;
			sourceTree = "<group>";
		};
		D2D738EF1F27997A00634180 /* Network */ = {
			isa = PBXGroup;
			children = (
				D2D738E91F2788B800634180 /* FlickrSearchResult.swift */,
				D2D738F11F279A3600634180 /* FlickrImageService.swift */,
				D2F630B01F2784C00039B7A1 /* FlickrService.swift */,
				D2D738ED1F27984300634180 /* ImageService.swift */,
			);
			path = Network;
			sourceTree = "<group>";
		};
		D2D738F01F279A2B00634180 /* Image & Location Handling */ = {
			isa = PBXGroup;
			children = (
				D29D67EE1F288D9B00389F90 /* ImageManager.swift */,
				D2D738F31F279B8E00634180 /* LocationController.swift */,
			);
			path = "Image & Location Handling";
			sourceTree = "<group>";
		};
		D2F630841F277F7B0039B7A1 = {
			isa = PBXGroup;
			children = (
				D2F6308F1F277F7B0039B7A1 /* FlickrGeoStream */,
				D2F630A41F277F7B0039B7A1 /* FlickrGeoStreamTests */,
				D2F6308E1F277F7B0039B7A1 /* Products */,
			);
			sourceTree = "<group>";
		};
		D2F6308E1F277F7B0039B7A1 /* Products */ = {
			isa = PBXGroup;
			children = (
				D2F6308D1F277F7B0039B7A1 /* FlickrGeoStream.app */,
				D2F630A11F277F7B0039B7A1 /* FlickrGeoStreamTests.xctest */,
			);
			name = Products;
			sourceTree = "<group>";
		};
		D2F6308F1F277F7B0039B7A1 /* FlickrGeoStream */ = {
			isa = PBXGroup;
			children = (
				D2D4CB6A1F2897C6001699D9 /* Application */,
				D2D738F01F279A2B00634180 /* Image & Location Handling */,
				D2D738EF1F27997A00634180 /* Network */,
				D2D4CB671F28967B001699D9 /* UI */,
			);
			path = FlickrGeoStream;
			sourceTree = "<group>";
		};
		D2F630A41F277F7B0039B7A1 /* FlickrGeoStreamTests */ = {
			isa = PBXGroup;
			children = (
				D2F630A51F277F7B0039B7A1 /* FlickrGeoStreamTests.swift */,
				D2F630A71F277F7B0039B7A1 /* Info.plist */,
			);
			path = FlickrGeoStreamTests;
			sourceTree = "<group>";
		};
/* End PBXGroup section */

/* Begin PBXNativeTarget section */
		D2F6308C1F277F7B0039B7A1 /* FlickrGeoStream */ = {
			isa = PBXNativeTarget;
			buildConfigurationList = D2F630AA1F277F7B0039B7A1 /* Build configuration list for PBXNativeTarget "FlickrGeoStream" */;
			buildPhases = (
				D2F630891F277F7B0039B7A1 /* Sources */,
				D2F6308A1F277F7B0039B7A1 /* Frameworks */,
				D2F6308B1F277F7B0039B7A1 /* Resources */,
			);
			buildRules = (
			);
			dependencies = (
			);
			name = FlickrGeoStream;
			productName = FlickrGeoStream;
			productReference = D2F6308D1F277F7B0039B7A1 /* FlickrGeoStream.app */;
			productType = "com.apple.product-type.application";
		};
		D2F630A01F277F7B0039B7A1 /* FlickrGeoStreamTests */ = {
			isa = PBXNativeTarget;
			buildConfigurationList = D2F630AD1F277F7B0039B7A1 /* Build configuration list for PBXNativeTarget "FlickrGeoStreamTests" */;
			buildPhases = (
				D2F6309D1F277F7B0039B7A1 /* Sources */,
				D2F6309E1F277F7B0039B7A1 /* Frameworks */,
				D2F6309F1F277F7B0039B7A1 /* Resources */,
			);
			buildRules = (
			);
			dependencies = (
				D2F630A31F277F7B0039B7A1 /* PBXTargetDependency */,
			);
			name = FlickrGeoStreamTests;
			productName = FlickrGeoStreamTests;
			productReference = D2F630A11F277F7B0039B7A1 /* FlickrGeoStreamTests.xctest */;
			productType = "com.apple.product-type.bundle.unit-test";
		};
/* End PBXNativeTarget section */

/* Begin PBXProject section */
		D2F630851F277F7B0039B7A1 /* Project object */ = {
			isa = PBXProject;
			attributes = {
				LastSwiftUpdateCheck = 0900;
				LastUpgradeCheck = 0900;
				ORGANIZATIONNAME = "Tobias Ottenweller";
				TargetAttributes = {
					D2F6308C1F277F7B0039B7A1 = {
						CreatedOnToolsVersion = 9.0;
					};
					D2F630A01F277F7B0039B7A1 = {
						CreatedOnToolsVersion = 9.0;
						TestTargetID = D2F6308C1F277F7B0039B7A1;
					};
				};
			};
			buildConfigurationList = D2F630881F277F7B0039B7A1 /* Build configuration list for PBXProject "FlickrGeoStream" */;
			compatibilityVersion = "Xcode 8.0";
			developmentRegion = en;
			hasScannedForEncodings = 0;
			knownRegions = (
				en,
				Base,
			);
			mainGroup = D2F630841F277F7B0039B7A1;
			productRefGroup = D2F6308E1F277F7B0039B7A1 /* Products */;
			projectDirPath = "";
			projectRoot = "";
			targets = (
				D2F6308C1F277F7B0039B7A1 /* FlickrGeoStream */,
				D2F630A01F277F7B0039B7A1 /* FlickrGeoStreamTests */,
			);
		};
/* End PBXProject section */

/* Begin PBXResourcesBuildPhase section */
		D2F6308B1F277F7B0039B7A1 /* Resources */ = {
			isa = PBXResourcesBuildPhase;
			buildActionMask = 2147483647;
			files = (
				D2F6309B1F277F7B0039B7A1 /* LaunchScreen.storyboard in Resources */,
				D2F630981F277F7B0039B7A1 /* Assets.xcassets in Resources */,
				D2F630961F277F7B0039B7A1 /* Main.storyboard in Resources */,
			);
			runOnlyForDeploymentPostprocessing = 0;
		};
		D2F6309F1F277F7B0039B7A1 /* Resources */ = {
			isa = PBXResourcesBuildPhase;
			buildActionMask = 2147483647;
			files = (
			);
			runOnlyForDeploymentPostprocessing = 0;
		};
/* End PBXResourcesBuildPhase section */

/* Begin PBXSourcesBuildPhase section */
		D2F630891F277F7B0039B7A1 /* Sources */ = {
			isa = PBXSourcesBuildPhase;
			buildActionMask = 2147483647;
			files = (
				D2F630931F277F7B0039B7A1 /* PhotoStreamViewController.swift in Sources */,
				D2F630911F277F7B0039B7A1 /* AppDelegate.swift in Sources */,
				D2F630B11F2784C00039B7A1 /* FlickrService.swift in Sources */,
				D29D67EF1F288D9B00389F90 /* ImageManager.swift in Sources */,
				D2D738EE1F27984300634180 /* ImageService.swift in Sources */,
				D2D738EA1F2788B800634180 /* FlickrSearchResult.swift in Sources */,
				D2D4CB691F2896B8001699D9 /* PhotoStreamViewModel.swift in Sources */,
				D2D738F21F279A3600634180 /* FlickrImageService.swift in Sources */,
				D2D738F41F279B8E00634180 /* LocationController.swift in Sources */,
			);
			runOnlyForDeploymentPostprocessing = 0;
		};
		D2F6309D1F277F7B0039B7A1 /* Sources */ = {
			isa = PBXSourcesBuildPhase;
			buildActionMask = 2147483647;
			files = (
				D2F630A61F277F7B0039B7A1 /* FlickrGeoStreamTests.swift in Sources */,
			);
			runOnlyForDeploymentPostprocessing = 0;
		};
/* End PBXSourcesBuildPhase section */

/* Begin PBXTargetDependency section */
		D2F630A31F277F7B0039B7A1 /* PBXTargetDependency */ = {
			isa = PBXTargetDependency;
			target = D2F6308C1F277F7B0039B7A1 /* FlickrGeoStream */;
			targetProxy = D2F630A21F277F7B0039B7A1 /* PBXContainerItemProxy */;
		};
/* End PBXTargetDependency section */

/* Begin PBXVariantGroup section */
		D2F630941F277F7B0039B7A1 /* Main.storyboard */ = {
			isa = PBXVariantGroup;
			children = (
				D2F630951F277F7B0039B7A1 /* Base */,
			);
			name = Main.storyboard;
			sourceTree = "<group>";
		};
		D2F630991F277F7B0039B7A1 /* LaunchScreen.storyboard */ = {
			isa = PBXVariantGroup;
			children = (
				D2F6309A1F277F7B0039B7A1 /* Base */,
			);
			name = LaunchScreen.storyboard;
			path = ..;
			sourceTree = "<group>";
		};
/* End PBXVariantGroup section */

/* Begin XCBuildConfiguration section */
		D2F630A81F277F7B0039B7A1 /* Debug */ = {
			isa = XCBuildConfiguration;
			buildSettings = {
				ALWAYS_SEARCH_USER_PATHS = NO;
				CLANG_ANALYZER_NONNULL = YES;
				CLANG_ANALYZER_NUMBER_OBJECT_CONVERSION = YES_AGGRESSIVE;
				CLANG_CXX_LANGUAGE_STANDARD = "gnu++14";
				CLANG_CXX_LIBRARY = "libc++";
				CLANG_ENABLE_MODULES = YES;
				CLANG_ENABLE_OBJC_ARC = YES;
				CLANG_WARN_BLOCK_CAPTURE_AUTORELEASING = YES;
				CLANG_WARN_BOOL_CONVERSION = YES;
				CLANG_WARN_COMMA = YES;
				CLANG_WARN_CONSTANT_CONVERSION = YES;
				CLANG_WARN_DIRECT_OBJC_ISA_USAGE = YES_ERROR;
				CLANG_WARN_DOCUMENTATION_COMMENTS = YES;
				CLANG_WARN_EMPTY_BODY = YES;
				CLANG_WARN_ENUM_CONVERSION = YES;
				CLANG_WARN_INFINITE_RECURSION = YES;
				CLANG_WARN_INT_CONVERSION = YES;
				CLANG_WARN_NON_LITERAL_NULL_CONVERSION = YES;
				CLANG_WARN_OBJC_LITERAL_CONVERSION = YES;
				CLANG_WARN_OBJC_ROOT_CLASS = YES_ERROR;
				CLANG_WARN_RANGE_LOOP_ANALYSIS = YES;
				CLANG_WARN_STRICT_PROTOTYPES = YES;
				CLANG_WARN_SUSPICIOUS_MOVE = YES;
				CLANG_WARN_UNGUARDED_AVAILABILITY = YES_AGGRESSIVE;
				CLANG_WARN_UNREACHABLE_CODE = YES;
				CLANG_WARN__DUPLICATE_METHOD_MATCH = YES;
				CODE_SIGN_IDENTITY = "iPhone Developer";
				COPY_PHASE_STRIP = NO;
				DEBUG_INFORMATION_FORMAT = dwarf;
				ENABLE_STRICT_OBJC_MSGSEND = YES;
				ENABLE_TESTABILITY = YES;
				GCC_C_LANGUAGE_STANDARD = gnu11;
				GCC_DYNAMIC_NO_PIC = NO;
				GCC_NO_COMMON_BLOCKS = YES;
				GCC_OPTIMIZATION_LEVEL = 0;
				GCC_PREPROCESSOR_DEFINITIONS = (
					"DEBUG=1",
					"$(inherited)",
				);
				GCC_WARN_64_TO_32_BIT_CONVERSION = YES;
				GCC_WARN_ABOUT_RETURN_TYPE = YES_ERROR;
				GCC_WARN_UNDECLARED_SELECTOR = YES;
				GCC_WARN_UNINITIALIZED_AUTOS = YES_AGGRESSIVE;
				GCC_WARN_UNUSED_FUNCTION = YES;
				GCC_WARN_UNUSED_VARIABLE = YES;
				IPHONEOS_DEPLOYMENT_TARGET = 11.0;
				MTL_ENABLE_DEBUG_INFO = YES;
				ONLY_ACTIVE_ARCH = YES;
				SDKROOT = iphoneos;
				SWIFT_ACTIVE_COMPILATION_CONDITIONS = DEBUG;
				SWIFT_OPTIMIZATION_LEVEL = "-Onone";
			};
			name = Debug;
		};
		D2F630A91F277F7B0039B7A1 /* Release */ = {
			isa = XCBuildConfiguration;
			buildSettings = {
				ALWAYS_SEARCH_USER_PATHS = NO;
				CLANG_ANALYZER_NONNULL = YES;
				CLANG_ANALYZER_NUMBER_OBJECT_CONVERSION = YES_AGGRESSIVE;
				CLANG_CXX_LANGUAGE_STANDARD = "gnu++14";
				CLANG_CXX_LIBRARY = "libc++";
				CLANG_ENABLE_MODULES = YES;
				CLANG_ENABLE_OBJC_ARC = YES;
				CLANG_WARN_BLOCK_CAPTURE_AUTORELEASING = YES;
				CLANG_WARN_BOOL_CONVERSION = YES;
				CLANG_WARN_COMMA = YES;
				CLANG_WARN_CONSTANT_CONVERSION = YES;
				CLANG_WARN_DIRECT_OBJC_ISA_USAGE = YES_ERROR;
				CLANG_WARN_DOCUMENTATION_COMMENTS = YES;
				CLANG_WARN_EMPTY_BODY = YES;
				CLANG_WARN_ENUM_CONVERSION = YES;
				CLANG_WARN_INFINITE_RECURSION = YES;
				CLANG_WARN_INT_CONVERSION = YES;
				CLANG_WARN_NON_LITERAL_NULL_CONVERSION = YES;
				CLANG_WARN_OBJC_LITERAL_CONVERSION = YES;
				CLANG_WARN_OBJC_ROOT_CLASS = YES_ERROR;
				CLANG_WARN_RANGE_LOOP_ANALYSIS = YES;
				CLANG_WARN_STRICT_PROTOTYPES = YES;
				CLANG_WARN_SUSPICIOUS_MOVE = YES;
				CLANG_WARN_UNGUARDED_AVAILABILITY = YES_AGGRESSIVE;
				CLANG_WARN_UNREACHABLE_CODE = YES;
				CLANG_WARN__DUPLICATE_METHOD_MATCH = YES;
				CODE_SIGN_IDENTITY = "iPhone Developer";
				COPY_PHASE_STRIP = NO;
				DEBUG_INFORMATION_FORMAT = "dwarf-with-dsym";
				ENABLE_NS_ASSERTIONS = NO;
				ENABLE_STRICT_OBJC_MSGSEND = YES;
				GCC_C_LANGUAGE_STANDARD = gnu11;
				GCC_NO_COMMON_BLOCKS = YES;
				GCC_WARN_64_TO_32_BIT_CONVERSION = YES;
				GCC_WARN_ABOUT_RETURN_TYPE = YES_ERROR;
				GCC_WARN_UNDECLARED_SELECTOR = YES;
				GCC_WARN_UNINITIALIZED_AUTOS = YES_AGGRESSIVE;
				GCC_WARN_UNUSED_FUNCTION = YES;
				GCC_WARN_UNUSED_VARIABLE = YES;
				IPHONEOS_DEPLOYMENT_TARGET = 11.0;
				MTL_ENABLE_DEBUG_INFO = NO;
				SDKROOT = iphoneos;
				SWIFT_OPTIMIZATION_LEVEL = "-Owholemodule";
				VALIDATE_PRODUCT = YES;
			};
			name = Release;
		};
		D2F630AB1F277F7B0039B7A1 /* Debug */ = {
			isa = XCBuildConfiguration;
			buildSettings = {
				ASSETCATALOG_COMPILER_APPICON_NAME = AppIcon;
				DEVELOPMENT_TEAM = F62JP9GW5J;
				INFOPLIST_FILE = "$(SRCROOT)/FlickrGeoStream/Application/Info.plist";
				LD_RUNPATH_SEARCH_PATHS = "$(inherited) @executable_path/Frameworks";
				PRODUCT_BUNDLE_IDENTIFIER = net.ottenweller.FlickrGeoStream;
				PRODUCT_NAME = "$(TARGET_NAME)";
				SWIFT_VERSION = 4.0;
				TARGETED_DEVICE_FAMILY = "1,2";
			};
			name = Debug;
		};
		D2F630AC1F277F7B0039B7A1 /* Release */ = {
			isa = XCBuildConfiguration;
			buildSettings = {
				ASSETCATALOG_COMPILER_APPICON_NAME = AppIcon;
				DEVELOPMENT_TEAM = F62JP9GW5J;
				INFOPLIST_FILE = "$(SRCROOT)/FlickrGeoStream/Application/Info.plist";
				LD_RUNPATH_SEARCH_PATHS = "$(inherited) @executable_path/Frameworks";
				PRODUCT_BUNDLE_IDENTIFIER = net.ottenweller.FlickrGeoStream;
				PRODUCT_NAME = "$(TARGET_NAME)";
				SWIFT_VERSION = 4.0;
				TARGETED_DEVICE_FAMILY = "1,2";
			};
			name = Release;
		};
		D2F630AE1F277F7B0039B7A1 /* Debug */ = {
			isa = XCBuildConfiguration;
			buildSettings = {
				ALWAYS_EMBED_SWIFT_STANDARD_LIBRARIES = YES;
				BUNDLE_LOADER = "$(TEST_HOST)";
				DEVELOPMENT_TEAM = F62JP9GW5J;
				INFOPLIST_FILE = FlickrGeoStreamTests/Info.plist;
				LD_RUNPATH_SEARCH_PATHS = "$(inherited) @executable_path/Frameworks @loader_path/Frameworks";
				PRODUCT_BUNDLE_IDENTIFIER = net.ottenweller.FlickrGeoStreamTests;
				PRODUCT_NAME = "$(TARGET_NAME)";
				SWIFT_VERSION = 4.0;
				TARGETED_DEVICE_FAMILY = "1,2";
				TEST_HOST = "$(BUILT_PRODUCTS_DIR)/FlickrGeoStream.app/FlickrGeoStream";
			};
			name = Debug;
		};
		D2F630AF1F277F7B0039B7A1 /* Release */ = {
			isa = XCBuildConfiguration;
			buildSettings = {
				ALWAYS_EMBED_SWIFT_STANDARD_LIBRARIES = YES;
				BUNDLE_LOADER = "$(TEST_HOST)";
				DEVELOPMENT_TEAM = F62JP9GW5J;
				INFOPLIST_FILE = FlickrGeoStreamTests/Info.plist;
				LD_RUNPATH_SEARCH_PATHS = "$(inherited) @executable_path/Frameworks @loader_path/Frameworks";
				PRODUCT_BUNDLE_IDENTIFIER = net.ottenweller.FlickrGeoStreamTests;
				PRODUCT_NAME = "$(TARGET_NAME)";
				SWIFT_VERSION = 4.0;
				TARGETED_DEVICE_FAMILY = "1,2";
				TEST_HOST = "$(BUILT_PRODUCTS_DIR)/FlickrGeoStream.app/FlickrGeoStream";
			};
			name = Release;
		};
/* End XCBuildConfiguration section */

/* Begin XCConfigurationList section */
		D2F630881F277F7B0039B7A1 /* Build configuration list for PBXProject "FlickrGeoStream" */ = {
			isa = XCConfigurationList;
			buildConfigurations = (
				D2F630A81F277F7B0039B7A1 /* Debug */,
				D2F630A91F277F7B0039B7A1 /* Release */,
			);
			defaultConfigurationIsVisible = 0;
			defaultConfigurationName = Release;
		};
		D2F630AA1F277F7B0039B7A1 /* Build configuration list for PBXNativeTarget "FlickrGeoStream" */ = {
			isa = XCConfigurationList;
			buildConfigurations = (
				D2F630AB1F277F7B0039B7A1 /* Debug */,
				D2F630AC1F277F7B0039B7A1 /* Release */,
			);
			defaultConfigurationIsVisible = 0;
			defaultConfigurationName = Release;
		};
		D2F630AD1F277F7B0039B7A1 /* Build configuration list for PBXNativeTarget "FlickrGeoStreamTests" */ = {
			isa = XCConfigurationList;
			buildConfigurations = (
				D2F630AE1F277F7B0039B7A1 /* Debug */,
				D2F630AF1F277F7B0039B7A1 /* Release */,
			);
			defaultConfigurationIsVisible = 0;
			defaultConfigurationName = Release;
		};
/* End XCConfigurationList section */
	};
	rootObject = D2F630851F277F7B0039B7A1 /* Project object */;
}
